
Microsoft Visual Studio Solution File, Format Version 12.00
# Visual Studio 15
VisualStudioVersion = 15.0.27004.2006
MinimumVisualStudioVersion = 10.0.40219.1
Project("{FAE04EC0-301F-11D3-BF4B-00C04F79EFBC}") = "agency", "agency.csproj", "{36AF877A-14FF-404E-97AA-267BDEE6B6D6}"
EndProject
Project("{FAE04EC0-301F-11D3-BF4B-00C04F79EFBC}") = "optional", "..\dependencies\optional\sources\optional.csproj", "{5279E051-4634-49FA-BCD2-07B90EC2AB84}"
EndProject
Project("{FAE04EC0-301F-11D3-BF4B-00C04F79EFBC}") = "require", "..\dependencies\require\sources\require.csproj", "{87F4F159-C480-47EA-B1ED-A2E928A229DE}"
EndProject
Project("{FAE04EC0-301F-11D3-BF4B-00C04F79EFBC}") = "common", "..\dependencies\m3pd-common\sources\common.csproj", "{D58F3584-7827-4080-94BE-EBF7DD818BD5}"
EndProject
Global
	GlobalSection(SolutionConfigurationPlatforms) = preSolution
		Debug|Any CPU = Debug|Any CPU
		Release|Any CPU = Release|Any CPU
	EndGlobalSection
	GlobalSection(ProjectConfigurationPlatforms) = postSolution
		{36AF877A-14FF-404E-97AA-267BDEE6B6D6}.Debug|Any CPU.ActiveCfg = Debug|Any CPU
		{36AF877A-14FF-404E-97AA-267BDEE6B6D6}.Debug|Any CPU.Build.0 = Debug|Any CPU
		{36AF877A-14FF-404E-97AA-267BDEE6B6D6}.Release|Any CPU.ActiveCfg = Release|Any CPU
		{36AF877A-14FF-404E-97AA-267BDEE6B6D6}.Release|Any CPU.Build.0 = Release|Any CPU
		{5279E051-4634-49FA-BCD2-07B90EC2AB84}.Debug|Any CPU.ActiveCfg = Debug|Any CPU
		{5279E051-4634-49FA-BCD2-07B90EC2AB84}.Debug|Any CPU.Build.0 = Debug|Any CPU
		{5279E051-4634-49FA-BCD2-07B90EC2AB84}.Release|Any CPU.ActiveCfg = Release|Any CPU
		{5279E051-4634-49FA-BCD2-07B90EC2AB84}.Release|Any CPU.Build.0 = Release|Any CPU
		{87F4F159-C480-47EA-B1ED-A2E928A229DE}.Debug|Any CPU.ActiveCfg = Debug|Any CPU
		{87F4F159-C480-47EA-B1ED-A2E928A229DE}.Debug|Any CPU.Build.0 = Debug|Any CPU
		{87F4F159-C480-47EA-B1ED-A2E928A229DE}.Release|Any CPU.ActiveCfg = Release|Any CPU
		{87F4F159-C480-47EA-B1ED-A2E928A229DE}.Release|Any CPU.Build.0 = Release|Any CPU
		{D58F3584-7827-4080-94BE-EBF7DD818BD5}.Debug|Any CPU.ActiveCfg = Debug|Any CPU
		{D58F3584-7827-4080-94BE-EBF7DD818BD5}.Debug|Any CPU.Build.0 = Debug|Any CPU
		{D58F3584-7827-4080-94BE-EBF7DD818BD5}.Release|Any CPU.ActiveCfg = Release|Any CPU
		{D58F3584-7827-4080-94BE-EBF7DD818BD5}.Release|Any CPU.Build.0 = Release|Any CPU
	EndGlobalSection
	GlobalSection(SolutionProperties) = preSolution
		HideSolutionNode = FALSE
	EndGlobalSection
	GlobalSection(ExtensibilityGlobals) = postSolution
		SolutionGuid = {E8571A56-9676-4B49-8C66-D8757FF8E2E9}
	EndGlobalSection
EndGlobal
